PODS:
  - Flutter (1.0.0)
  - sharetrace_flutter_plugin (1.0.4):
    - Flutter
    - SharetraceSDK (~> 2.2.0)
  - SharetraceSDK (2.2.0)

DEPENDENCIES:
  - Flutter (from `Flutter`)
  - sharetrace_flutter_plugin (from `.symlinks/plugins/sharetrace_flutter_plugin/ios`)

SPEC REPOS:
  trunk:
    - SharetraceSDK

EXTERNAL SOURCES:
  Flutter:
    :path: Flutter
  sharetrace_flutter_plugin:
    :path: ".symlinks/plugins/sharetrace_flutter_plugin/ios"

SPEC CHECKSUMS:
  Flutter: 0e3d915762c693b495b44d77113d4970485de6ec
  sharetrace_flutter_plugin: 08bcfa7d737451451a6181918eb7dfb33f51336f
  SharetraceSDK: 37e7f22341226be38e87039039b271eb636e7d47

PODFILE CHECKSUM: 8e679eca47255a8ca8067c4c67aab20e64cb974d

COCOAPODS: 1.10.0
