PODS:
  - Flutter (1.0.0)
  - sharetrace_flutter_plugin (1.0.7):
    - Flutter
    - SharetraceSDK (~> 2.4.2)
  - SharetraceSDK (2.4.2)

DEPENDENCIES:
  - Flutter (from `Flutter`)
  - sharetrace_flutter_plugin (from `.symlinks/plugins/sharetrace_flutter_plugin/ios`)

SPEC REPOS:
  trunk:
    - SharetraceSDK

EXTERNAL SOURCES:
  Flutter:
    :path: Flutter
  sharetrace_flutter_plugin:
    :path: ".symlinks/plugins/sharetrace_flutter_plugin/ios"

SPEC CHECKSUMS:
  Flutter: 50d75fe2f02b26cc09d224853bb45737f8b3214a
  sharetrace_flutter_plugin: 7439e30c3c2088aafdb43031d151cab2acb5be31
  SharetraceSDK: 3fedad31b746ccffd43022bb98078e99eb97dff4

PODFILE CHECKSUM: cf0c950f7e9a456b4e325f5b8fc0f98906a3705a

COCOAPODS: 1.11.3
